{
    "_meta": {
        "hash": {
            "sha256": "220b5287e5b5303a489ec6f8369c05336baeb37cec4f87d2c32cdd1f1994121a"
        },
        "pipfile-spec": 6,
        "requires": {
            "python_version": "3.8"
        },
        "sources": [
            {
                "name": "pypi",
                "url": "https://pypi.org/simple",
                "verify_ssl": true
            }
        ]
    },
    "default": {},
    "develop": {}
}
